
Microsoft Visual Studio Solution File, Format Version 12.00
# Visual Studio Version 17
VisualStudioVersion = 17.1.32210.238
MinimumVisualStudioVersion = 10.0.40219.1
Project("{FAE04EC0-301F-11D3-BF4B-00C04F79EFBC}") = "API", "API\API.csproj", "{F2FCCB41-D3AD-48CF-822C-673ACB74FEDE}"
EndProject
Global
	GlobalSection(SolutionConfigurationPlatforms) = preSolution
		Debug|Any CPU = Debug|Any CPU
		Release|Any CPU = Release|Any CPU
	EndGlobalSection
	GlobalSection(ProjectConfigurationPlatforms) = postSolution
		{F2FCCB41-D3AD-48CF-822C-673ACB74FEDE}.Debug|Any CPU.ActiveCfg = Debug|Any CPU
		{F2FCCB41-D3AD-48CF-822C-673ACB74FEDE}.Debug|Any CPU.Build.0 = Debug|Any CPU
		{F2FCCB41-D3AD-48CF-822C-673ACB74FEDE}.Release|Any CPU.ActiveCfg = Release|Any CPU
		{F2FCCB41-D3AD-48CF-822C-673ACB74FEDE}.Release|Any CPU.Build.0 = Release|Any CPU
	EndGlobalSection
	GlobalSection(SolutionProperties) = preSolution
		HideSolutionNode = FALSE
	EndGlobalSection
	GlobalSection(ExtensibilityGlobals) = postSolution
		SolutionGuid = {26927324-873D-4709-BB34-99579ECE673D}
	EndGlobalSection
EndGlobal
